
Microsoft Visual Studio Solution File, Format Version 12.00
# Visual Studio 15
Project("{FAE04EC0-301F-11D3-BF4B-00C04F79EFBC}") = "Assembly-CSharp", "Assembly-CSharp.csproj", "{9D9A7665-B4BD-DF6D-533F-94AF69F95D76}"
EndProject
Project("{FAE04EC0-301F-11D3-BF4B-00C04F79EFBC}") = "SteamVR", "SteamVR.csproj", "{2047EB0E-D145-82A7-1B66-165F6D9C2C0A}"
EndProject
Project("{FAE04EC0-301F-11D3-BF4B-00C04F79EFBC}") = "SteamVR_Actions", "SteamVR_Actions.csproj", "{EAB5D915-8938-55CF-E2A3-B4B2646884A9}"
EndProject
Project("{FAE04EC0-301F-11D3-BF4B-00C04F79EFBC}") = "Assembly-CSharp-firstpass", "Assembly-CSharp-firstpass.csproj", "{CF977276-3C62-2F1D-8884-0B115EB5B2B5}"
EndProject
Project("{FAE04EC0-301F-11D3-BF4B-00C04F79EFBC}") = "SteamVR_Editor", "SteamVR_Editor.csproj", "{032A53E0-A884-0175-1766-0B7D942D3447}"
EndProject
Project("{FAE04EC0-301F-11D3-BF4B-00C04F79EFBC}") = "Assembly-CSharp-Editor", "Assembly-CSharp-Editor.csproj", "{3AF5BF46-F75B-E9DB-37EB-004CC21C215B}"
EndProject
Project("{FAE04EC0-301F-11D3-BF4B-00C04F79EFBC}") = "SteamVR_Input_Editor", "SteamVR_Input_Editor.csproj", "{DAF86AEF-4066-13E9-A133-7B6FC2D6C20A}"
EndProject
Project("{FAE04EC0-301F-11D3-BF4B-00C04F79EFBC}") = "SteamVR_Windows_EditorHelper", "SteamVR_Windows_EditorHelper.csproj", "{3CBCB060-F51D-E6E3-10B0-11D8248F33EF}"
EndProject
Global
	GlobalSection(SolutionConfigurationPlatforms) = preSolution
		Debug|Any CPU = Debug|Any CPU
		Release|Any CPU = Release|Any CPU
	EndGlobalSection
	GlobalSection(ProjectConfigurationPlatforms) = postSolution
		{9D9A7665-B4BD-DF6D-533F-94AF69F95D76}.Debug|Any CPU.ActiveCfg = Debug|Any CPU
		{9D9A7665-B4BD-DF6D-533F-94AF69F95D76}.Debug|Any CPU.Build.0 = Debug|Any CPU
		{9D9A7665-B4BD-DF6D-533F-94AF69F95D76}.Release|Any CPU.ActiveCfg = Release|Any CPU
		{9D9A7665-B4BD-DF6D-533F-94AF69F95D76}.Release|Any CPU.Build.0 = Release|Any CPU
		{2047EB0E-D145-82A7-1B66-165F6D9C2C0A}.Debug|Any CPU.ActiveCfg = Debug|Any CPU
		{2047EB0E-D145-82A7-1B66-165F6D9C2C0A}.Debug|Any CPU.Build.0 = Debug|Any CPU
		{2047EB0E-D145-82A7-1B66-165F6D9C2C0A}.Release|Any CPU.ActiveCfg = Release|Any CPU
		{2047EB0E-D145-82A7-1B66-165F6D9C2C0A}.Release|Any CPU.Build.0 = Release|Any CPU
		{EAB5D915-8938-55CF-E2A3-B4B2646884A9}.Debug|Any CPU.ActiveCfg = Debug|Any CPU
		{EAB5D915-8938-55CF-E2A3-B4B2646884A9}.Debug|Any CPU.Build.0 = Debug|Any CPU
		{EAB5D915-8938-55CF-E2A3-B4B2646884A9}.Release|Any CPU.ActiveCfg = Release|Any CPU
		{EAB5D915-8938-55CF-E2A3-B4B2646884A9}.Release|Any CPU.Build.0 = Release|Any CPU
		{CF977276-3C62-2F1D-8884-0B115EB5B2B5}.Debug|Any CPU.ActiveCfg = Debug|Any CPU
		{CF977276-3C62-2F1D-8884-0B115EB5B2B5}.Debug|Any CPU.Build.0 = Debug|Any CPU
		{CF977276-3C62-2F1D-8884-0B115EB5B2B5}.Release|Any CPU.ActiveCfg = Release|Any CPU
		{CF977276-3C62-2F1D-8884-0B115EB5B2B5}.Release|Any CPU.Build.0 = Release|Any CPU
		{032A53E0-A884-0175-1766-0B7D942D3447}.Debug|Any CPU.ActiveCfg = Debug|Any CPU
		{032A53E0-A884-0175-1766-0B7D942D3447}.Debug|Any CPU.Build.0 = Debug|Any CPU
		{032A53E0-A884-0175-1766-0B7D942D3447}.Release|Any CPU.ActiveCfg = Release|Any CPU
		{032A53E0-A884-0175-1766-0B7D942D3447}.Release|Any CPU.Build.0 = Release|Any CPU
		{3AF5BF46-F75B-E9DB-37EB-004CC21C215B}.Debug|Any CPU.ActiveCfg = Debug|Any CPU
		{3AF5BF46-F75B-E9DB-37EB-004CC21C215B}.Debug|Any CPU.Build.0 = Debug|Any CPU
		{3AF5BF46-F75B-E9DB-37EB-004CC21C215B}.Release|Any CPU.ActiveCfg = Release|Any CPU
		{3AF5BF46-F75B-E9DB-37EB-004CC21C215B}.Release|Any CPU.Build.0 = Release|Any CPU
		{DAF86AEF-4066-13E9-A133-7B6FC2D6C20A}.Debug|Any CPU.ActiveCfg = Debug|Any CPU
		{DAF86AEF-4066-13E9-A133-7B6FC2D6C20A}.Debug|Any CPU.Build.0 = Debug|Any CPU
		{DAF86AEF-4066-13E9-A133-7B6FC2D6C20A}.Release|Any CPU.ActiveCfg = Release|Any CPU
		{DAF86AEF-4066-13E9-A133-7B6FC2D6C20A}.Release|Any CPU.Build.0 = Release|Any CPU
		{3CBCB060-F51D-E6E3-10B0-11D8248F33EF}.Debug|Any CPU.ActiveCfg = Debug|Any CPU
		{3CBCB060-F51D-E6E3-10B0-11D8248F33EF}.Debug|Any CPU.Build.0 = Debug|Any CPU
		{3CBCB060-F51D-E6E3-10B0-11D8248F33EF}.Release|Any CPU.ActiveCfg = Release|Any CPU
		{3CBCB060-F51D-E6E3-10B0-11D8248F33EF}.Release|Any CPU.Build.0 = Release|Any CPU
	EndGlobalSection
	GlobalSection(SolutionProperties) = preSolution
		HideSolutionNode = FALSE
	EndGlobalSection
EndGlobal
