
Microsoft Visual Studio Solution File, Format Version 12.00
# Visual Studio 15
Project("{FAE04EC0-301F-11D3-BF4B-00C04F79EFBC}") = "Assembly-CSharp", "Assembly-CSharp.csproj", "{C12C25EC-F74F-0E66-5DDC-84878DE491B3}"
EndProject
Project("{FAE04EC0-301F-11D3-BF4B-00C04F79EFBC}") = "Assembly-CSharp-Editor", "Assembly-CSharp-Editor.csproj", "{7C997F95-1B37-944F-8BB9-44621A6133B5}"
EndProject
Global
	GlobalSection(SolutionConfigurationPlatforms) = preSolution
		Debug|Any CPU = Debug|Any CPU
		Release|Any CPU = Release|Any CPU
	EndGlobalSection
	GlobalSection(ProjectConfigurationPlatforms) = postSolution
		{C12C25EC-F74F-0E66-5DDC-84878DE491B3}.Debug|Any CPU.ActiveCfg = Debug|Any CPU
		{C12C25EC-F74F-0E66-5DDC-84878DE491B3}.Debug|Any CPU.Build.0 = Debug|Any CPU
		{C12C25EC-F74F-0E66-5DDC-84878DE491B3}.Release|Any CPU.ActiveCfg = Release|Any CPU
		{C12C25EC-F74F-0E66-5DDC-84878DE491B3}.Release|Any CPU.Build.0 = Release|Any CPU
		{7C997F95-1B37-944F-8BB9-44621A6133B5}.Debug|Any CPU.ActiveCfg = Debug|Any CPU
		{7C997F95-1B37-944F-8BB9-44621A6133B5}.Debug|Any CPU.Build.0 = Debug|Any CPU
		{7C997F95-1B37-944F-8BB9-44621A6133B5}.Release|Any CPU.ActiveCfg = Release|Any CPU
		{7C997F95-1B37-944F-8BB9-44621A6133B5}.Release|Any CPU.Build.0 = Release|Any CPU
	EndGlobalSection
	GlobalSection(SolutionProperties) = preSolution
		HideSolutionNode = FALSE
	EndGlobalSection
EndGlobal
